{
  "version": 4,
  "terraform_version": "1.2.5",
  "serial": 8,
  "lineage": "95c7cdaf-e45c-3e48-3230-f873b0205056",
  "outputs": {
    "webapp_hostname": {
      "value": "myapp-demo-dev1.azurewebsites.net",
      "type": "string"
    },
    "webapp_name": {
      "value": "MyApp-demo-DEV1",
      "type": "string"
    },
    "webapp_password": {
      "value": [
        {
          "name": "$MyApp-demo-DEV1",
          "password": "0hiawkLSSAhHAQoT0NA2ZZhNTLWCi52Yw8p5k8bWRRPtcf43shxKY0irzMMy"
        }
      ],
      "type": [
        "list",
        [
          "object",
          {
            "name": "string",
            "password": "string"
          }
        ]
      ],
      "sensitive": true
    }
  },
  "resources": [
    {
      "mode": "managed",
      "type": "azurerm_application_insights",
      "name": "appinsight-app",
      "provider": "provider[\"registry.terraform.io/hashicorp/azurerm\"]",
      "instances": [
        {
          "schema_version": 1,
          "attributes": {
            "app_id": "752ae4df-0f59-4cc6-8d08-b41700c2d906",
            "application_type": "web",
            "connection_string": "InstrumentationKey=2fd5c2e3-34a3-45f8-bcac-2e5e6f50f7f8;IngestionEndpoint=https://westeurope-3.in.applicationinsights.azure.com/;LiveEndpoint=https://westeurope.livediagnostics.monitor.azure.com/",
            "daily_data_cap_in_gb": 100,
            "daily_data_cap_notifications_disabled": false,
            "disable_ip_masking": false,
            "force_customer_storage_for_profiler": false,
            "id": "/subscriptions/8a7aace5-74aa-416f-b8e4-2c292b6304e5/resourceGroups/RG-App-demo-DEV1/providers/Microsoft.Insights/components/MyApp-demo-DEV1",
            "instrumentation_key": "2fd5c2e3-34a3-45f8-bcac-2e5e6f50f7f8",
            "internet_ingestion_enabled": true,
            "internet_query_enabled": true,
            "local_authentication_disabled": false,
            "location": "westeurope",
            "name": "MyApp-demo-DEV1",
            "resource_group_name": "RG-App-demo-DEV1",
            "retention_in_days": 90,
            "sampling_percentage": 100,
            "tags": {
              "CreatedBy": "NA",
              "ENV": "DEV1"
            },
            "timeouts": null,
            "workspace_id": null
          },
          "sensitive_attributes": [],
          "private": "eyJlMmJmYjczMC1lY2FhLTExZTYtOGY4OC0zNDM2M2JjN2M0YzAiOnsiY3JlYXRlIjozNjAwMDAwMDAwMDAwLCJkZWxldGUiOjE4MDAwMDAwMDAwMDAsInJlYWQiOjMwMDAwMDAwMDAwMCwidXBkYXRlIjoxODAwMDAwMDAwMDAwfSwic2NoZW1hX3ZlcnNpb24iOiIxIn0=",
          "dependencies": [
            "azurerm_resource_group.rg-app"
          ]
        }
      ]
    },
    {
      "mode": "managed",
      "type": "azurerm_linux_web_app",
      "name": "app",
      "provider": "provider[\"registry.terraform.io/hashicorp/azurerm\"]",
      "instances": [
        {
          "schema_version": 0,
          "attributes": {
            "app_settings": {},
            "auth_settings": [
              {
                "active_directory": [],
                "additional_login_parameters": {},
                "allowed_external_redirect_urls": [],
                "default_provider": "",
                "enabled": false,
                "facebook": [],
                "github": [],
                "google": [],
                "issuer": "",
                "microsoft": [],
                "runtime_version": "",
                "token_refresh_extension_hours": 0,
                "token_store_enabled": false,
                "twitter": [],
                "unauthenticated_client_action": ""
              }
            ],
            "backup": [],
            "client_affinity_enabled": false,
            "client_certificate_enabled": false,
            "client_certificate_mode": "Required",
            "connection_string": [],
            "custom_domain_verification_id": "16198C8809F98DA8D80D0239A7515DB0F357C8AEA42B434C935FB57D0E6AF78B",
            "default_hostname": "myapp-demo-dev1.azurewebsites.net",
            "enabled": true,
            "https_only": false,
            "id": "/subscriptions/8a7aace5-74aa-416f-b8e4-2c292b6304e5/resourceGroups/RG-App-demo-DEV1/providers/Microsoft.Web/sites/MyApp-demo-DEV1",
            "identity": [],
            "key_vault_reference_identity_id": "SystemAssigned",
            "kind": "app,linux",
            "location": "westeurope",
            "logs": [],
            "name": "MyApp-demo-DEV1",
            "outbound_ip_address_list": [
              "20.126.164.125",
              "20.126.165.11",
              "20.126.165.47",
              "20.126.165.110",
              "20.126.165.124",
              "20.126.165.132",
              "20.105.232.14"
            ],
            "outbound_ip_addresses": "20.126.164.125,20.126.165.11,20.126.165.47,20.126.165.110,20.126.165.124,20.126.165.132,20.105.232.14",
            "possible_outbound_ip_address_list": [
              "20.126.164.125",
              "20.126.165.11",
              "20.126.165.47",
              "20.126.165.110",
              "20.126.165.124",
              "20.126.165.132",
              "20.126.165.182",
              "20.126.165.203",
              "20.126.165.218",
              "20.126.165.227",
              "20.126.165.236",
              "20.126.165.247",
              "20.126.166.84",
              "20.126.166.94",
              "20.126.166.100",
              "20.126.166.161",
              "20.126.166.220",
              "20.126.167.0",
              "20.126.167.32",
              "20.126.164.224",
              "20.126.167.48",
              "20.126.167.70",
              "20.126.165.68",
              "20.103.92.176",
              "20.105.232.14"
            ],
            "possible_outbound_ip_addresses": "20.126.164.125,20.126.165.11,20.126.165.47,20.126.165.110,20.126.165.124,20.126.165.132,20.126.165.182,20.126.165.203,20.126.165.218,20.126.165.227,20.126.165.236,20.126.165.247,20.126.166.84,20.126.166.94,20.126.166.100,20.126.166.161,20.126.166.220,20.126.167.0,20.126.167.32,20.126.164.224,20.126.167.48,20.126.167.70,20.126.165.68,20.103.92.176,20.105.232.14",
            "resource_group_name": "RG-App-demo-DEV1",
            "service_plan_id": "/subscriptions/8a7aace5-74aa-416f-b8e4-2c292b6304e5/resourceGroups/RG-App-demo-DEV1/providers/Microsoft.Web/serverfarms/Plan-App-demo-DEV1",
            "site_config": [
              {
                "always_on": true,
                "api_definition_url": "",
                "api_management_api_id": "",
                "app_command_line": "",
                "application_stack": [
                  {
                    "docker_image": "",
                    "docker_image_tag": "",
                    "dotnet_version": "",
                    "java_server": "",
                    "java_server_version": "",
                    "java_version": "",
                    "node_version": "",
                    "php_version": "",
                    "python_version": "",
                    "ruby_version": ""
                  }
                ],
                "auto_heal_enabled": false,
                "auto_heal_setting": [],
                "container_registry_managed_identity_client_id": "",
                "container_registry_use_managed_identity": false,
                "cors": [],
                "default_documents": [
                  "Default.htm",
                  "Default.html",
                  "Default.asp",
                  "index.htm",
                  "index.html",
                  "iisstart.htm",
                  "default.aspx",
                  "index.php",
                  "hostingstart.html"
                ],
                "detailed_error_logging_enabled": false,
                "ftps_state": "Disabled",
                "health_check_eviction_time_in_min": 0,
                "health_check_path": "",
                "http2_enabled": false,
                "ip_restriction": [],
                "linux_fx_version": "",
                "load_balancing_mode": "LeastRequests",
                "local_mysql_enabled": false,
                "managed_pipeline_mode": "Integrated",
                "minimum_tls_version": "1.2",
                "remote_debugging_enabled": false,
                "remote_debugging_version": "VS2019",
                "scm_ip_restriction": [],
                "scm_minimum_tls_version": "1.2",
                "scm_type": "None",
                "scm_use_main_ip_restriction": false,
                "use_32_bit_worker": true,
                "vnet_route_all_enabled": false,
                "websockets_enabled": false,
                "worker_count": 1
              }
            ],
            "site_credential": [
              {
                "name": "$MyApp-demo-DEV1",
                "password": "0hiawkLSSAhHAQoT0NA2ZZhNTLWCi52Yw8p5k8bWRRPtcf43shxKY0irzMMy"
              }
            ],
            "sticky_settings": [],
            "storage_account": [],
            "tags": {},
            "timeouts": null,
            "virtual_network_subnet_id": "",
            "zip_deploy_file": ""
          },
          "sensitive_attributes": [],
          "private": "eyJlMmJmYjczMC1lY2FhLTExZTYtOGY4OC0zNDM2M2JjN2M0YzAiOnsiY3JlYXRlIjoxODAwMDAwMDAwMDAwLCJkZWxldGUiOjE4MDAwMDAwMDAwMDAsInJlYWQiOjMwMDAwMDAwMDAwMCwidXBkYXRlIjoxODAwMDAwMDAwMDAwfX0=",
          "dependencies": [
            "azurerm_resource_group.rg-app",
            "azurerm_service_plan.plan-app"
          ]
        }
      ]
    },
    {
      "mode": "managed",
      "type": "azurerm_resource_group",
      "name": "rg-app",
      "provider": "provider[\"registry.terraform.io/hashicorp/azurerm\"]",
      "instances": [
        {
          "schema_version": 0,
          "attributes": {
            "id": "/subscriptions/8a7aace5-74aa-416f-b8e4-2c292b6304e5/resourceGroups/RG-App-demo-DEV1",
            "location": "westeurope",
            "name": "RG-App-demo-DEV1",
            "tags": {
              "ENV": "DEV1"
            },
            "timeouts": null
          },
          "sensitive_attributes": [],
          "private": "eyJlMmJmYjczMC1lY2FhLTExZTYtOGY4OC0zNDM2M2JjN2M0YzAiOnsiY3JlYXRlIjo1NDAwMDAwMDAwMDAwLCJkZWxldGUiOjU0MDAwMDAwMDAwMDAsInJlYWQiOjMwMDAwMDAwMDAwMCwidXBkYXRlIjo1NDAwMDAwMDAwMDAwfX0="
        }
      ]
    },
    {
      "mode": "managed",
      "type": "azurerm_service_plan",
      "name": "plan-app",
      "provider": "provider[\"registry.terraform.io/hashicorp/azurerm\"]",
      "instances": [
        {
          "schema_version": 0,
          "attributes": {
            "app_service_environment_id": "",
            "id": "/subscriptions/8a7aace5-74aa-416f-b8e4-2c292b6304e5/resourceGroups/RG-App-demo-DEV1/providers/Microsoft.Web/serverfarms/Plan-App-demo-DEV1",
            "kind": "linux",
            "location": "westeurope",
            "maximum_elastic_worker_count": 1,
            "name": "Plan-App-demo-DEV1",
            "os_type": "Linux",
            "per_site_scaling_enabled": false,
            "reserved": true,
            "resource_group_name": "RG-App-demo-DEV1",
            "sku_name": "B1",
            "tags": {
              "CreatedBy": "NA",
              "ENV": "DEV1"
            },
            "timeouts": null,
            "worker_count": 1,
            "zone_balancing_enabled": false
          },
          "sensitive_attributes": [],
          "private": "eyJlMmJmYjczMC1lY2FhLTExZTYtOGY4OC0zNDM2M2JjN2M0YzAiOnsiY3JlYXRlIjozNjAwMDAwMDAwMDAwLCJkZWxldGUiOjM2MDAwMDAwMDAwMDAsInJlYWQiOjMwMDAwMDAwMDAwMCwidXBkYXRlIjozNjAwMDAwMDAwMDAwfX0=",
          "dependencies": [
            "azurerm_resource_group.rg-app"
          ]
        }
      ]
    }
  ]
}
